
Microsoft Visual Studio Solution File, Format Version 12.00
# Visual Studio Version 16
VisualStudioVersion = 16.0.29728.190
MinimumVisualStudioVersion = 10.0.40219.1
Project("{FAE04EC0-301F-11D3-BF4B-00C04F79EFBC}") = "OrderOperators", "OrderOperators.csproj", "{B5C37B85-CB24-4ECA-92D8-48027D90D140}"
EndProject
Global
	GlobalSection(SolutionConfigurationPlatforms) = preSolution
		Debug|Any CPU = Debug|Any CPU
		Release|Any CPU = Release|Any CPU
	EndGlobalSection
	GlobalSection(ProjectConfigurationPlatforms) = postSolution
		{B5C37B85-CB24-4ECA-92D8-48027D90D140}.Debug|Any CPU.ActiveCfg = Debug|Any CPU
		{B5C37B85-CB24-4ECA-92D8-48027D90D140}.Debug|Any CPU.Build.0 = Debug|Any CPU
		{B5C37B85-CB24-4ECA-92D8-48027D90D140}.Release|Any CPU.ActiveCfg = Release|Any CPU
		{B5C37B85-CB24-4ECA-92D8-48027D90D140}.Release|Any CPU.Build.0 = Release|Any CPU
	EndGlobalSection
	GlobalSection(SolutionProperties) = preSolution
		HideSolutionNode = FALSE
	EndGlobalSection
	GlobalSection(ExtensibilityGlobals) = postSolution
		SolutionGuid = {C4394D0F-B4CE-45B7-B1AA-69F43F68C177}
	EndGlobalSection
EndGlobal
