
Microsoft Visual Studio Solution File, Format Version 12.00
# Visual Studio Version 16
VisualStudioVersion = 16.0.29728.190
MinimumVisualStudioVersion = 10.0.40219.1
Project("{FAE04EC0-301F-11D3-BF4B-00C04F79EFBC}") = "GroupByOperators", "GroupByOperators.csproj", "{3FC6DF86-A657-4259-A243-323E3F31C5A3}"
EndProject
Global
	GlobalSection(SolutionConfigurationPlatforms) = preSolution
		Debug|Any CPU = Debug|Any CPU
		Release|Any CPU = Release|Any CPU
	EndGlobalSection
	GlobalSection(ProjectConfigurationPlatforms) = postSolution
		{3FC6DF86-A657-4259-A243-323E3F31C5A3}.Debug|Any CPU.ActiveCfg = Debug|Any CPU
		{3FC6DF86-A657-4259-A243-323E3F31C5A3}.Debug|Any CPU.Build.0 = Debug|Any CPU
		{3FC6DF86-A657-4259-A243-323E3F31C5A3}.Release|Any CPU.ActiveCfg = Release|Any CPU
		{3FC6DF86-A657-4259-A243-323E3F31C5A3}.Release|Any CPU.Build.0 = Release|Any CPU
	EndGlobalSection
	GlobalSection(SolutionProperties) = preSolution
		HideSolutionNode = FALSE
	EndGlobalSection
	GlobalSection(ExtensibilityGlobals) = postSolution
		SolutionGuid = {BB627B55-68B0-41FF-BAB1-42AF0F00BFFD}
	EndGlobalSection
EndGlobal
