
Microsoft Visual Studio Solution File, Format Version 12.00
# Visual Studio Version 16
VisualStudioVersion = 16.0.29728.190
MinimumVisualStudioVersion = 10.0.40219.1
Project("{FAE04EC0-301F-11D3-BF4B-00C04F79EFBC}") = "QuantifierOperators", "QuantifierOperators.csproj", "{B694104F-9E9F-436F-8A4F-2A2AA47C563F}"
EndProject
Global
	GlobalSection(SolutionConfigurationPlatforms) = preSolution
		Debug|Any CPU = Debug|Any CPU
		Release|Any CPU = Release|Any CPU
	EndGlobalSection
	GlobalSection(ProjectConfigurationPlatforms) = postSolution
		{B694104F-9E9F-436F-8A4F-2A2AA47C563F}.Debug|Any CPU.ActiveCfg = Debug|Any CPU
		{B694104F-9E9F-436F-8A4F-2A2AA47C563F}.Debug|Any CPU.Build.0 = Debug|Any CPU
		{B694104F-9E9F-436F-8A4F-2A2AA47C563F}.Release|Any CPU.ActiveCfg = Release|Any CPU
		{B694104F-9E9F-436F-8A4F-2A2AA47C563F}.Release|Any CPU.Build.0 = Release|Any CPU
	EndGlobalSection
	GlobalSection(SolutionProperties) = preSolution
		HideSolutionNode = FALSE
	EndGlobalSection
	GlobalSection(ExtensibilityGlobals) = postSolution
		SolutionGuid = {0499FA9D-462A-43E1-BD06-487A746AAE5F}
	EndGlobalSection
EndGlobal
